
Microsoft Visual Studio Solution File, Format Version 12.00
Project("{FAE04EC0-301F-11D3-BF4B-00C04F79EFBC}") = "Chess.API", "Chess.API\Chess.API.csproj", "{66E104AE-9F49-4FB7-BE14-CFF6D83CFFA0}"
	ProjectSection(ProjectDependencies) = postProject
		{60AD5178-FF4E-4ECA-A2F8-A863291BDBCC} = {60AD5178-FF4E-4ECA-A2F8-A863291BDBCC}
		{5A438365-CF93-4BB9-8186-68384F5CD401} = {5A438365-CF93-4BB9-8186-68384F5CD401}
		{34CDADB5-6B15-4B1B-A999-E3B939DDFCC6} = {34CDADB5-6B15-4B1B-A999-E3B939DDFCC6}
	EndProjectSection
EndProject
Project("{FAE04EC0-301F-11D3-BF4B-00C04F79EFBC}") = "Chess.Application", "Chess.Application\Chess.Application.csproj", "{60AD5178-FF4E-4ECA-A2F8-A863291BDBCC}"
	ProjectSection(ProjectDependencies) = postProject
		{5A438365-CF93-4BB9-8186-68384F5CD401} = {5A438365-CF93-4BB9-8186-68384F5CD401}
	EndProjectSection
EndProject
Project("{FAE04EC0-301F-11D3-BF4B-00C04F79EFBC}") = "Chess.Domain", "Chess.Domain\Chess.Domain.csproj", "{5A438365-CF93-4BB9-8186-68384F5CD401}"
EndProject
Project("{FAE04EC0-301F-11D3-BF4B-00C04F79EFBC}") = "Chess.Infrastructure", "Chess.Infrastructure\Chess.Infrastructure.csproj", "{34CDADB5-6B15-4B1B-A999-E3B939DDFCC6}"
	ProjectSection(ProjectDependencies) = postProject
		{60AD5178-FF4E-4ECA-A2F8-A863291BDBCC} = {60AD5178-FF4E-4ECA-A2F8-A863291BDBCC}
		{5A438365-CF93-4BB9-8186-68384F5CD401} = {5A438365-CF93-4BB9-8186-68384F5CD401}
	EndProjectSection
EndProject
Project("{2150E333-8FDC-42A3-9474-1A3956D46DE8}") = "Tests", "Tests", "{29C1ED43-54A1-47EE-9B94-BF0FC2EA7680}"
EndProject
Project("{FAE04EC0-301F-11D3-BF4B-00C04F79EFBC}") = "Chess.UnitTests", "Chess.UnitTests\Chess.UnitTests.csproj", "{4CF41182-FCA1-4923-8AD5-9160A10E45C2}"
EndProject
Project("{FAE04EC0-301F-11D3-BF4B-00C04F79EFBC}") = "Chess.IntegrationTests", "Chess.IntegrationTests\Chess.IntegrationTests.csproj", "{2FB95086-0FA1-4A4B-A3F4-AC446031AAB1}"
EndProject
Global
	GlobalSection(SolutionConfigurationPlatforms) = preSolution
		Debug|Any CPU = Debug|Any CPU
		Release|Any CPU = Release|Any CPU
	EndGlobalSection
	GlobalSection(ProjectConfigurationPlatforms) = postSolution
		{66E104AE-9F49-4FB7-BE14-CFF6D83CFFA0}.Debug|Any CPU.ActiveCfg = Debug|Any CPU
		{66E104AE-9F49-4FB7-BE14-CFF6D83CFFA0}.Debug|Any CPU.Build.0 = Debug|Any CPU
		{66E104AE-9F49-4FB7-BE14-CFF6D83CFFA0}.Release|Any CPU.ActiveCfg = Release|Any CPU
		{66E104AE-9F49-4FB7-BE14-CFF6D83CFFA0}.Release|Any CPU.Build.0 = Release|Any CPU
		{60AD5178-FF4E-4ECA-A2F8-A863291BDBCC}.Debug|Any CPU.ActiveCfg = Debug|Any CPU
		{60AD5178-FF4E-4ECA-A2F8-A863291BDBCC}.Debug|Any CPU.Build.0 = Debug|Any CPU
		{60AD5178-FF4E-4ECA-A2F8-A863291BDBCC}.Release|Any CPU.ActiveCfg = Release|Any CPU
		{60AD5178-FF4E-4ECA-A2F8-A863291BDBCC}.Release|Any CPU.Build.0 = Release|Any CPU
		{5A438365-CF93-4BB9-8186-68384F5CD401}.Debug|Any CPU.ActiveCfg = Debug|Any CPU
		{5A438365-CF93-4BB9-8186-68384F5CD401}.Debug|Any CPU.Build.0 = Debug|Any CPU
		{5A438365-CF93-4BB9-8186-68384F5CD401}.Release|Any CPU.ActiveCfg = Release|Any CPU
		{5A438365-CF93-4BB9-8186-68384F5CD401}.Release|Any CPU.Build.0 = Release|Any CPU
		{34CDADB5-6B15-4B1B-A999-E3B939DDFCC6}.Debug|Any CPU.ActiveCfg = Debug|Any CPU
		{34CDADB5-6B15-4B1B-A999-E3B939DDFCC6}.Debug|Any CPU.Build.0 = Debug|Any CPU
		{34CDADB5-6B15-4B1B-A999-E3B939DDFCC6}.Release|Any CPU.ActiveCfg = Release|Any CPU
		{34CDADB5-6B15-4B1B-A999-E3B939DDFCC6}.Release|Any CPU.Build.0 = Release|Any CPU
		{4CF41182-FCA1-4923-8AD5-9160A10E45C2}.Debug|Any CPU.ActiveCfg = Debug|Any CPU
		{4CF41182-FCA1-4923-8AD5-9160A10E45C2}.Debug|Any CPU.Build.0 = Debug|Any CPU
		{4CF41182-FCA1-4923-8AD5-9160A10E45C2}.Release|Any CPU.ActiveCfg = Release|Any CPU
		{4CF41182-FCA1-4923-8AD5-9160A10E45C2}.Release|Any CPU.Build.0 = Release|Any CPU
		{2FB95086-0FA1-4A4B-A3F4-AC446031AAB1}.Debug|Any CPU.ActiveCfg = Debug|Any CPU
		{2FB95086-0FA1-4A4B-A3F4-AC446031AAB1}.Debug|Any CPU.Build.0 = Debug|Any CPU
		{2FB95086-0FA1-4A4B-A3F4-AC446031AAB1}.Release|Any CPU.ActiveCfg = Release|Any CPU
		{2FB95086-0FA1-4A4B-A3F4-AC446031AAB1}.Release|Any CPU.Build.0 = Release|Any CPU
	EndGlobalSection
	GlobalSection(NestedProjects) = preSolution
		{4CF41182-FCA1-4923-8AD5-9160A10E45C2} = {29C1ED43-54A1-47EE-9B94-BF0FC2EA7680}
		{2FB95086-0FA1-4A4B-A3F4-AC446031AAB1} = {29C1ED43-54A1-47EE-9B94-BF0FC2EA7680}
	EndGlobalSection
EndGlobal
