
Microsoft Visual Studio Solution File, Format Version 12.00
# Visual Studio Version 17
VisualStudioVersion = 17.7.34018.315
MinimumVisualStudioVersion = 10.0.40219.1
Project("{2150E333-8FDC-42A3-9474-1A3956D46DE8}") = "src", "src", "{0737E4FC-8B0E-42AD-B668-37B78724E7C8}"
EndProject
Project("{9A19103F-16F7-4668-BE54-9A1E7A4F7556}") = "Chess.Domain", "Chess.Domain\Chess.Domain.csproj", "{FBF668C6-93F5-4FB7-ACB4-9E14CFBF6977}"
EndProject
Project("{9A19103F-16F7-4668-BE54-9A1E7A4F7556}") = "Chess.Application", "Chess.Application\Chess.Application.csproj", "{EBD52137-A3B3-4DC0-822C-0962C6540FD3}"
EndProject
Project("{9A19103F-16F7-4668-BE54-9A1E7A4F7556}") = "Chess.Infrastructure", "Chess.Infrastructure\Chess.Infrastructure.csproj", "{6E4E4D9A-3EA1-4A4A-B7A4-9D19D5CC787B}"
EndProject
Project("{9A19103F-16F7-4668-BE54-9A1E7A4F7556}") = "Chess.Presentation", "Chess.Presentation\Chess.Presentation.csproj", "{CDD146FD-0063-4A7B-BECC-B250378433BE}"
EndProject
Project("{9A19103F-16F7-4668-BE54-9A1E7A4F7556}") = "Chess.API", "Chess.API\Chess.API.csproj", "{C55C926F-4398-4117-9D6A-9A08BC3BC6E9}"
EndProject
Project("{2150E333-8FDC-42A3-9474-1A3956D46DE8}") = "test", "test", "{3C0CC1E0-1176-4F2C-B500-99515170FCB0}"
EndProject
Project("{FAE04EC0-301F-11D3-BF4B-00C04F79EFBC}") = "Architecture.Tests", "Architecture.Tests\Architecture.Tests.csproj", "{97DD14D4-C437-4DE0-A3A3-C27A09888EAD}"
EndProject
Global
	GlobalSection(SolutionConfigurationPlatforms) = preSolution
		Debug|Any CPU = Debug|Any CPU
		Release|Any CPU = Release|Any CPU
	EndGlobalSection
	GlobalSection(ProjectConfigurationPlatforms) = postSolution
		{FBF668C6-93F5-4FB7-ACB4-9E14CFBF6977}.Debug|Any CPU.ActiveCfg = Debug|Any CPU
		{FBF668C6-93F5-4FB7-ACB4-9E14CFBF6977}.Debug|Any CPU.Build.0 = Debug|Any CPU
		{FBF668C6-93F5-4FB7-ACB4-9E14CFBF6977}.Release|Any CPU.ActiveCfg = Release|Any CPU
		{FBF668C6-93F5-4FB7-ACB4-9E14CFBF6977}.Release|Any CPU.Build.0 = Release|Any CPU
		{EBD52137-A3B3-4DC0-822C-0962C6540FD3}.Debug|Any CPU.ActiveCfg = Debug|Any CPU
		{EBD52137-A3B3-4DC0-822C-0962C6540FD3}.Debug|Any CPU.Build.0 = Debug|Any CPU
		{EBD52137-A3B3-4DC0-822C-0962C6540FD3}.Release|Any CPU.ActiveCfg = Release|Any CPU
		{EBD52137-A3B3-4DC0-822C-0962C6540FD3}.Release|Any CPU.Build.0 = Release|Any CPU
		{6E4E4D9A-3EA1-4A4A-B7A4-9D19D5CC787B}.Debug|Any CPU.ActiveCfg = Debug|Any CPU
		{6E4E4D9A-3EA1-4A4A-B7A4-9D19D5CC787B}.Debug|Any CPU.Build.0 = Debug|Any CPU
		{6E4E4D9A-3EA1-4A4A-B7A4-9D19D5CC787B}.Release|Any CPU.ActiveCfg = Release|Any CPU
		{6E4E4D9A-3EA1-4A4A-B7A4-9D19D5CC787B}.Release|Any CPU.Build.0 = Release|Any CPU
		{CDD146FD-0063-4A7B-BECC-B250378433BE}.Debug|Any CPU.ActiveCfg = Debug|Any CPU
		{CDD146FD-0063-4A7B-BECC-B250378433BE}.Debug|Any CPU.Build.0 = Debug|Any CPU
		{CDD146FD-0063-4A7B-BECC-B250378433BE}.Release|Any CPU.ActiveCfg = Release|Any CPU
		{CDD146FD-0063-4A7B-BECC-B250378433BE}.Release|Any CPU.Build.0 = Release|Any CPU
		{C55C926F-4398-4117-9D6A-9A08BC3BC6E9}.Debug|Any CPU.ActiveCfg = Debug|Any CPU
		{C55C926F-4398-4117-9D6A-9A08BC3BC6E9}.Debug|Any CPU.Build.0 = Debug|Any CPU
		{C55C926F-4398-4117-9D6A-9A08BC3BC6E9}.Release|Any CPU.ActiveCfg = Release|Any CPU
		{C55C926F-4398-4117-9D6A-9A08BC3BC6E9}.Release|Any CPU.Build.0 = Release|Any CPU
		{97DD14D4-C437-4DE0-A3A3-C27A09888EAD}.Debug|Any CPU.ActiveCfg = Debug|Any CPU
		{97DD14D4-C437-4DE0-A3A3-C27A09888EAD}.Debug|Any CPU.Build.0 = Debug|Any CPU
		{97DD14D4-C437-4DE0-A3A3-C27A09888EAD}.Release|Any CPU.ActiveCfg = Release|Any CPU
		{97DD14D4-C437-4DE0-A3A3-C27A09888EAD}.Release|Any CPU.Build.0 = Release|Any CPU
	EndGlobalSection
	GlobalSection(SolutionProperties) = preSolution
		HideSolutionNode = FALSE
	EndGlobalSection
	GlobalSection(NestedProjects) = preSolution
		{FBF668C6-93F5-4FB7-ACB4-9E14CFBF6977} = {0737E4FC-8B0E-42AD-B668-37B78724E7C8}
		{EBD52137-A3B3-4DC0-822C-0962C6540FD3} = {0737E4FC-8B0E-42AD-B668-37B78724E7C8}
		{6E4E4D9A-3EA1-4A4A-B7A4-9D19D5CC787B} = {0737E4FC-8B0E-42AD-B668-37B78724E7C8}
		{CDD146FD-0063-4A7B-BECC-B250378433BE} = {0737E4FC-8B0E-42AD-B668-37B78724E7C8}
		{C55C926F-4398-4117-9D6A-9A08BC3BC6E9} = {0737E4FC-8B0E-42AD-B668-37B78724E7C8}
		{97DD14D4-C437-4DE0-A3A3-C27A09888EAD} = {3C0CC1E0-1176-4F2C-B500-99515170FCB0}
	EndGlobalSection
	GlobalSection(ExtensibilityGlobals) = postSolution
		SolutionGuid = {1EB9C045-3EF9-4980-8E56-0846D43F8F55}
	EndGlobalSection
EndGlobal
